<?xml version="1.0" encoding="utf-8"?>
<Project ToolsVersion="4.0" xmlns="http://schemas.microsoft.com/developer/msbuild/2003">
  <ItemGroup>
    <Filter Include="Source Files">
      <UniqueIdentifier>{4FC737F1-C7A5-4376-A066-2A32D752A2FF}</UniqueIdentifier>
      <Extensions>cpp;c;cc;cxx;def;odl;idl;hpj;bat;asm;asmx</Extensions>
    </Filter>
    <Filter Include="Header Files">
      <UniqueIdentifier>{93995380-89BD-4b04-88EB-625FBE52EBFB}</UniqueIdentifier>
      <Extensions>h;hh;hpp;hxx;hm;inl;inc;xsd</Extensions>
    </Filter>
    <Filter Include="Resource Files">
      <UniqueIdentifier>{67DA6AB6-F800-4c08-8B7A-83BB121AAD01}</UniqueIdentifier>
      <Extensions>rc;ico;cur;bmp;dlg;rc2;rct;bin;rgs;gif;jpg;jpeg;jpe;resx;tiff;tif;png;wav;mfcribbon-ms</Extensions>
    </Filter>
    <Filter Include="Header Files\Definitions">
      <UniqueIdentifier>{3a9703d6-5caa-45b5-93d5-f2f08b2d9505}</UniqueIdentifier>
    </Filter>
    <Filter Include="Header Files\Engine">
      <UniqueIdentifier>{2defa5a0-3972-42b1-af05-fc1bfa8eb83e}</UniqueIdentifier>
    </Filter>
    <Filter Include="Header Files\Engine\Devices">
      <UniqueIdentifier>{aaf5b0bc-e074-447c-9d4b-454fb6187e93}</UniqueIdentifier>
    </Filter>
    <Filter Include="Header Files\Engine\Components">
      <UniqueIdentifier>{9253fef7-3f3f-435b-b4dd-e99745d7c6e7}</UniqueIdentifier>
    </Filter>
    <Filter Include="Header Files\Engine\Components\Parent">
      <UniqueIdentifier>{6f9a0904-063e-46e1-8e71-48324603ab40}</UniqueIdentifier>
    </Filter>
    <Filter Include="Header Files\Engine\GameObject">
      <UniqueIdentifier>{13c20d97-4550-4334-a7e2-6ec356cfac0e}</UniqueIdentifier>
    </Filter>
    <Filter Include="Header Files\Engine\Libraries">
      <UniqueIdentifier>{368ba754-9ae9-4a1f-bc39-eeadba61d576}</UniqueIdentifier>
    </Filter>
    <Filter Include="Header Files\Engine\Third Party">
      <UniqueIdentifier>{51a5da85-5a7c-4622-92bc-3184a9a7b5fb}</UniqueIdentifier>
    </Filter>
    <Filter Include="Source Files\Engine">
      <UniqueIdentifier>{1b35751e-01ef-4089-9451-2f9dc688029a}</UniqueIdentifier>
    </Filter>
    <Filter Include="Header Files\Engine\Components\List">
      <UniqueIdentifier>{657c08b7-bf82-466b-9012-86327e408826}</UniqueIdentifier>
    </Filter>
    <Filter Include="Resource Files\Templates">
      <UniqueIdentifier>{d2d5f32b-c35c-42e4-918a-78deea989e3f}</UniqueIdentifier>
    </Filter>
    <Filter Include="Resource Files\XML">
      <UniqueIdentifier>{2a15ec3f-ef84-4db7-90b7-9e3aa3040af8}</UniqueIdentifier>
    </Filter>
    <Filter Include="Source Files\Engine\ThirdParty">
      <UniqueIdentifier>{733789ff-53b1-4608-b2b5-ada665cc4d68}</UniqueIdentifier>
    </Filter>
    <Filter Include="Source Files\Engine\Libraries">
      <UniqueIdentifier>{d6962d0f-e7a0-413a-acd3-936584f7ae5d}</UniqueIdentifier>
    </Filter>
    <Filter Include="Header Files\Engine\Components\Children">
      <UniqueIdentifier>{c27a8a39-0561-403c-a831-ca5334ed6b4a}</UniqueIdentifier>
    </Filter>
    <Filter Include="Header Files\Engine\Misc">
      <UniqueIdentifier>{2cc139de-7970-49e5-bc13-1b21adea7c01}</UniqueIdentifier>
    </Filter>
    <Filter Include="Source Files\Engine\Misc">
      <UniqueIdentifier>{cc19a616-db9c-4749-9dd1-6ccc121028c3}</UniqueIdentifier>
    </Filter>
    <Filter Include="Source Files\Engine\Components">
      <UniqueIdentifier>{3f31c55b-40a4-4990-9cf2-29f02f7d72fb}</UniqueIdentifier>
    </Filter>
    <Filter Include="Source Files\Engine\Components\Parent">
      <UniqueIdentifier>{e23c915e-3454-4315-b66d-5e51775dbb9a}</UniqueIdentifier>
    </Filter>
    <Filter Include="Source Files\Engine\Components\Children">
      <UniqueIdentifier>{8da3400b-2481-45e7-873d-ff8406578636}</UniqueIdentifier>
    </Filter>
    <Filter Include="Source Files\Engine\Devices">
      <UniqueIdentifier>{cb39accd-36c4-4829-a14b-c42bd0699e0d}</UniqueIdentifier>
    </Filter>
    <Filter Include="Source Files\Engine\GameObject">
      <UniqueIdentifier>{ec29976b-b81e-4842-a47b-e4cf11d58cf8}</UniqueIdentifier>
    </Filter>
    <Filter Include="Resource Files\ThirdParty">
      <UniqueIdentifier>{2cca9be2-7078-46de-a899-b3e34a196d25}</UniqueIdentifier>
    </Filter>
    <Filter Include="Resource Files\ThirdParty\DLLs">
      <UniqueIdentifier>{9d3cbcdc-8fae-4616-bb10-94a6e7bd0cb0}</UniqueIdentifier>
    </Filter>
  </ItemGroup>
  <ItemGroup>
    <ClCompile Include="source\main.cpp">
      <Filter>Source Files</Filter>
    </ClCompile>
    <ClCompile Include="source\Game.cpp">
      <Filter>Source Files\Engine</Filter>
    </ClCompile>
    <ClCompile Include="source\Template.cpp">
      <Filter>Resource Files\Templates</Filter>
    </ClCompile>
    <ClCompile Include="source\ResourceManager.cpp">
      <Filter>Source Files\Engine</Filter>
    </ClCompile>
    <ClCompile Include="source\Box2DDebugDraw.cpp">
      <Filter>Source Files\Engine\ThirdParty</Filter>
    </ClCompile>
    <ClCompile Include="source\ArtAssetLibrary.cpp">
      <Filter>Source Files\Engine\Libraries</Filter>
    </ClCompile>
    <ClCompile Include="source\ObjectFactory.cpp">
      <Filter>Source Files\Engine\GameObject</Filter>
    </ClCompile>
    <ClCompile Include="source\GameObject.cpp">
      <Filter>Source Files\Engine\GameObject</Filter>
    </ClCompile>
    <ClCompile Include="source\Component.cpp">
      <Filter>Source Files\Engine\Components\Parent</Filter>
    </ClCompile>
    <ClCompile Include="source\BodyComponent.cpp">
      <Filter>Source Files\Engine\Components\Children</Filter>
    </ClCompile>
    <ClCompile Include="source\ControllerComponent.cpp">
      <Filter>Source Files\Engine\Components\Children</Filter>
    </ClCompile>
    <ClCompile Include="source\View.cpp">
      <Filter>Source Files\Engine</Filter>
    </ClCompile>
    <ClCompile Include="source\ControllerDevice.cpp">
      <Filter>Source Files\Engine\Devices</Filter>
    </ClCompile>
    <ClCompile Include="source\GraphicsDevice.cpp">
      <Filter>Source Files\Engine\Devices</Filter>
    </ClCompile>
    <ClCompile Include="source\PhysicsDevice.cpp">
      <Filter>Source Files\Engine\Devices</Filter>
    </ClCompile>
    <ClCompile Include="source\ContactListener.cpp">
      <Filter>Source Files\Engine\Misc</Filter>
    </ClCompile>
    <ClCompile Include="source\SoundDevice.cpp">
      <Filter>Source Files\Engine\Devices</Filter>
    </ClCompile>
    <ClCompile Include="source\PhysicsAssetLibrary.cpp">
      <Filter>Source Files\Engine\Libraries</Filter>
    </ClCompile>
    <ClCompile Include="source\ComponentAssetLibrary.cpp">
      <Filter>Source Files\Engine\Libraries</Filter>
    </ClCompile>
    <ClCompile Include="source\SoundAssetLibrary.cpp">
      <Filter>Source Files\Engine\Libraries</Filter>
    </ClCompile>
    <ClCompile Include="source\Timer.cpp">
      <Filter>Source Files\Engine</Filter>
    </ClCompile>
    <ClCompile Include="source\SpriteComponent.cpp">
      <Filter>Source Files\Engine\Components\Children</Filter>
    </ClCompile>
    <ClCompile Include="source\tinyxml\tinystr.cpp">
      <Filter>Resource Files\ThirdParty</Filter>
    </ClCompile>
    <ClCompile Include="source\tinyxml\tinyxml.cpp">
      <Filter>Resource Files\ThirdParty</Filter>
    </ClCompile>
    <ClCompile Include="source\tinyxml\tinyxmlerror.cpp">
      <Filter>Resource Files\ThirdParty</Filter>
    </ClCompile>
    <ClCompile Include="source\tinyxml\tinyxmlparser.cpp">
      <Filter>Resource Files\ThirdParty</Filter>
    </ClCompile>
    <ClCompile Include="source\Texture.cpp">
      <Filter>Source Files\Engine</Filter>
    </ClCompile>
    <ClCompile Include="source\ThirdParty\SDL2_gfx-1.0.1\SDL2_gfxPrimitives.c">
      <Filter>Resource Files\ThirdParty</Filter>
    </ClCompile>
    <ClCompile Include="source\ThirdParty\SDL2_gfx-1.0.1\SDL2_rotozoom.c">
      <Filter>Resource Files\ThirdParty</Filter>
    </ClCompile>
    <ClCompile Include="source\ItemBlockComponent.cpp">
      <Filter>Source Files\Engine\Components\Children</Filter>
    </ClCompile>
    <ClCompile Include="source\PowerUpComponent.cpp">
      <Filter>Source Files\Engine\Components\Children</Filter>
    </ClCompile>
  </ItemGroup>
  <ItemGroup>
    <ClInclude Include="ThirdParty\Box2D\Box2D.h">
      <Filter>Header Files\Engine\Third Party</Filter>
    </ClInclude>
    <ClInclude Include="source\ThirdParty\SDL2\include\SDL.h">
      <Filter>Header Files\Engine\Third Party</Filter>
    </ClInclude>
    <ClInclude Include="source\ThirdParty\SDL2\include\SDL_image.h">
      <Filter>Header Files\Engine\Third Party</Filter>
    </ClInclude>
    <ClInclude Include="source\ThirdParty\SDL2\include\SDL_main.h">
      <Filter>Header Files\Engine\Third Party</Filter>
    </ClInclude>
    <ClInclude Include="source\ThirdParty\SDL2\include\SDL_ttf.h">
      <Filter>Header Files\Engine\Third Party</Filter>
    </ClInclude>
    <ClInclude Include="source\Define.h">
      <Filter>Header Files\Definitions</Filter>
    </ClInclude>
    <ClInclude Include="source\Game.h">
      <Filter>Header Files\Engine</Filter>
    </ClInclude>
    <ClInclude Include="source\ResourceManager.h">
      <Filter>Header Files\Engine</Filter>
    </ClInclude>
    <ClInclude Include="source\GraphicsDevice.h">
      <Filter>Header Files\Engine\Devices</Filter>
    </ClInclude>
    <ClInclude Include="source\Component.h">
      <Filter>Header Files\Engine\Components\Parent</Filter>
    </ClInclude>
    <ClInclude Include="source\GameObject.h">
      <Filter>Header Files\Engine\GameObject</Filter>
    </ClInclude>
    <ClInclude Include="source\ControllerDevice.h">
      <Filter>Header Files\Engine\Devices</Filter>
    </ClInclude>
    <ClInclude Include="source\PhysicsDevice.h">
      <Filter>Header Files\Engine\Devices</Filter>
    </ClInclude>
    <ClInclude Include="source\Texture.h">
      <Filter>Header Files\Engine</Filter>
    </ClInclude>
    <ClInclude Include="source\PhysicsAssetLibrary.h">
      <Filter>Header Files\Engine\Libraries</Filter>
    </ClInclude>
    <ClInclude Include="source\SoundDevice.h">
      <Filter>Header Files\Engine\Devices</Filter>
    </ClInclude>
    <ClInclude Include="source\ArtAssetLibrary.h">
      <Filter>Header Files\Engine\Libraries</Filter>
    </ClInclude>
    <ClInclude Include="source\ComponentAssetLibrary.h">
      <Filter>Header Files\Engine\Libraries</Filter>
    </ClInclude>
    <ClInclude Include="source\SoundAssetLibrary.h">
      <Filter>Header Files\Engine\Libraries</Filter>
    </ClInclude>
    <ClInclude Include="source\View.h">
      <Filter>Header Files\Engine</Filter>
    </ClInclude>
    <ClInclude Include="source\ObjectFactory.h">
      <Filter>Header Files\Engine\GameObject</Filter>
    </ClInclude>
    <ClInclude Include="source\Timer.h">
      <Filter>Header Files\Engine</Filter>
    </ClInclude>
    <ClInclude Include="source\ThirdParty\SDL2\include\SDL_stdinc.h">
      <Filter>Header Files\Engine\Third Party</Filter>
    </ClInclude>
    <ClInclude Include="source\ComponentsList.h">
      <Filter>Header Files\Engine\Components\List</Filter>
    </ClInclude>
    <ClInclude Include="source\Template.h">
      <Filter>Resource Files\Templates</Filter>
    </ClInclude>
    <ClInclude Include="source\Box2DDebugDraw.h">
      <Filter>Header Files\Engine\Third Party</Filter>
    </ClInclude>
    <ClInclude Include="source\BodyComponent.h">
      <Filter>Header Files\Engine\Components\Children</Filter>
    </ClInclude>
    <ClInclude Include="source\ControllerComponent.h">
      <Filter>Header Files\Engine\Components\Children</Filter>
    </ClInclude>
    <ClInclude Include="source\ItemBlockComponent.h">
      <Filter>Header Files\Engine\Components\Children</Filter>
    </ClInclude>
    <ClInclude Include="source\PowerUpComponent.h">
      <Filter>Header Files\Engine\Components\Children</Filter>
    </ClInclude>
    <ClInclude Include="source\SpriteComponent.h">
      <Filter>Header Files\Engine\Components\Children</Filter>
    </ClInclude>
    <ClInclude Include="source\ContactListener.h">
      <Filter>Header Files\Engine\Misc</Filter>
    </ClInclude>
    <ClInclude Include="source\ThirdParty\Box2D\Box2D.h">
      <Filter>Resource Files\ThirdParty</Filter>
    </ClInclude>
  </ItemGroup>
  <ItemGroup>
    <Xml Include="source\Assets\Config\MainAssetConfig.xml">
      <Filter>Resource Files\XML</Filter>
    </Xml>
    <Xml Include="source\Assets\Config\SpriteConfig.xml">
      <Filter>Resource Files\XML</Filter>
    </Xml>
    <Xml Include="source\Assets\Config\MainLevel.xml">
      <Filter>Resource Files\XML</Filter>
    </Xml>
  </ItemGroup>
  <ItemGroup>
    <None Include="source\SDL2.dll">
      <Filter>Resource Files\ThirdParty\DLLs</Filter>
    </None>
    <None Include="source\SDL2_image.dll">
      <Filter>Resource Files\ThirdParty\DLLs</Filter>
    </None>
    <None Include="source\SDL2_mixer.dll">
      <Filter>Resource Files\ThirdParty\DLLs</Filter>
    </None>
    <None Include="source\SDL2_ttf.dll">
      <Filter>Resource Files\ThirdParty\DLLs</Filter>
    </None>
  </ItemGroup>
</Project>